
Microsoft Visual Studio Solution File, Format Version 12.00
# Visual Studio 15
VisualStudioVersion = 15.0.27703.2042
MinimumVisualStudioVersion = 10.0.40219.1
Project("{FAE04EC0-301F-11D3-BF4B-00C04F79EFBC}") = "ToppingsAnalysis", "ToppingsAnalysis\ToppingsAnalysis.csproj", "{91FFE609-A4AA-4BF8-892C-D091AEBA0124}"
EndProject
Global
	GlobalSection(SolutionConfigurationPlatforms) = preSolution
		Debug|Any CPU = Debug|Any CPU
		Release|Any CPU = Release|Any CPU
	EndGlobalSection
	GlobalSection(ProjectConfigurationPlatforms) = postSolution
		{91FFE609-A4AA-4BF8-892C-D091AEBA0124}.Debug|Any CPU.ActiveCfg = Debug|Any CPU
		{91FFE609-A4AA-4BF8-892C-D091AEBA0124}.Debug|Any CPU.Build.0 = Debug|Any CPU
		{91FFE609-A4AA-4BF8-892C-D091AEBA0124}.Release|Any CPU.ActiveCfg = Release|Any CPU
		{91FFE609-A4AA-4BF8-892C-D091AEBA0124}.Release|Any CPU.Build.0 = Release|Any CPU
	EndGlobalSection
	GlobalSection(SolutionProperties) = preSolution
		HideSolutionNode = FALSE
	EndGlobalSection
	GlobalSection(ExtensibilityGlobals) = postSolution
		SolutionGuid = {91382386-4A17-422C-B0F1-F02079FA1D70}
	EndGlobalSection
EndGlobal
